
Microsoft Visual Studio Solution File, Format Version 12.00
# Visual Studio Version 17
VisualStudioVersion = 17.8.34511.84
MinimumVisualStudioVersion = 10.0.40219.1
Project("{FAE04EC0-301F-11D3-BF4B-00C04F79EFBC}") = "Week9Lists", "Week9Lists\Week9Lists.csproj", "{96EF777B-A453-4809-9952-62D3960B7615}"
EndProject
Global
	GlobalSection(SolutionConfigurationPlatforms) = preSolution
		Debug|Any CPU = Debug|Any CPU
		Release|Any CPU = Release|Any CPU
	EndGlobalSection
	GlobalSection(ProjectConfigurationPlatforms) = postSolution
		{96EF777B-A453-4809-9952-62D3960B7615}.Debug|Any CPU.ActiveCfg = Debug|Any CPU
		{96EF777B-A453-4809-9952-62D3960B7615}.Debug|Any CPU.Build.0 = Debug|Any CPU
		{96EF777B-A453-4809-9952-62D3960B7615}.Release|Any CPU.ActiveCfg = Release|Any CPU
		{96EF777B-A453-4809-9952-62D3960B7615}.Release|Any CPU.Build.0 = Release|Any CPU
	EndGlobalSection
	GlobalSection(SolutionProperties) = preSolution
		HideSolutionNode = FALSE
	EndGlobalSection
	GlobalSection(ExtensibilityGlobals) = postSolution
		SolutionGuid = {5AA79386-6CC2-48EC-BE58-4444AC6BE220}
	EndGlobalSection
EndGlobal
